
Microsoft Visual Studio Solution File, Format Version 11.00
# Visual Studio 2010
Project("{8BC9CEB8-8B4A-11D0-8D11-00A0C91BC942}") = "Assignment3_Springs", "Assignment3_Springs\Assignment3_Springs.vcxproj", "{0887DC6D-4F60-4F84-A0C2-C05EF6D4B1C5}"
EndProject
Project("{8BC9CEB8-8B4A-11D0-8D11-00A0C91BC942}") = "Assignment4_WallOfBoxes", "Assignment4_WallOfBoxes\Assignment4_WallOfBoxes.vcxproj", "{856705F7-85B4-48BF-943C-08684A2505EB}"
EndProject
Global
	GlobalSection(SolutionConfigurationPlatforms) = preSolution
		Debug|Win32 = Debug|Win32
		Release|Win32 = Release|Win32
	EndGlobalSection
	GlobalSection(ProjectConfigurationPlatforms) = postSolution
		{0887DC6D-4F60-4F84-A0C2-C05EF6D4B1C5}.Debug|Win32.ActiveCfg = Debug|Win32
		{0887DC6D-4F60-4F84-A0C2-C05EF6D4B1C5}.Debug|Win32.Build.0 = Debug|Win32
		{0887DC6D-4F60-4F84-A0C2-C05EF6D4B1C5}.Release|Win32.ActiveCfg = Release|Win32
		{0887DC6D-4F60-4F84-A0C2-C05EF6D4B1C5}.Release|Win32.Build.0 = Release|Win32
		{856705F7-85B4-48BF-943C-08684A2505EB}.Debug|Win32.ActiveCfg = Debug|Win32
		{856705F7-85B4-48BF-943C-08684A2505EB}.Debug|Win32.Build.0 = Debug|Win32
		{856705F7-85B4-48BF-943C-08684A2505EB}.Release|Win32.ActiveCfg = Release|Win32
		{856705F7-85B4-48BF-943C-08684A2505EB}.Release|Win32.Build.0 = Release|Win32
	EndGlobalSection
	GlobalSection(SolutionProperties) = preSolution
		HideSolutionNode = FALSE
	EndGlobalSection
EndGlobal
